github.com/atotto/clipboard v0.1.2 h1:YZCtFu5Ie8qX2VmVTBnrqLSiU9XOWwqNRmdT3gIQzbY=
github.com/atotto/clipboard v0.1.2/go.mod h1:ZY9tmq7sm5xIbd9bOK4onWV4S6X0u6GY7Vn0Yu86PYI=
github.com/xrfang/go-conf v0.0.0-20171027062901-a0ca9685d086 h1:dRqFJXeY13Y4ApYg01CqNeo4lyOTsMM5RwEH4J4XI6k=
github.com/xrfang/go-conf v0.0.0-20171027062901-a0ca9685d086/go.mod h1:18cZNLt+PpxoROFP7vgzDEvAA/y1MW340RD65eNp3nw=
